
Microsoft Visual Studio Solution File, Format Version 12.00
# Visual Studio Version 17
VisualStudioVersion = 17.0.31903.59
MinimumVisualStudioVersion = 10.0.40219.1
Project("{FAE04EC0-301F-11D3-BF4B-00C04F79EFBC}") = "LearningApp.Tests", "LearningApp.Tests\LearningApp.Tests.csproj", "{7E75F7D1-0E38-450C-A3D3-4CEDD719BEAC}"
EndProject
Global
	GlobalSection(SolutionConfigurationPlatforms) = preSolution
		Debug|Any CPU = Debug|Any CPU
		Release|Any CPU = Release|Any CPU
	EndGlobalSection
	GlobalSection(SolutionProperties) = preSolution
		HideSolutionNode = FALSE
	EndGlobalSection
	GlobalSection(ProjectConfigurationPlatforms) = postSolution
		{7E75F7D1-0E38-450C-A3D3-4CEDD719BEAC}.Debug|Any CPU.ActiveCfg = Debug|Any CPU
		{7E75F7D1-0E38-450C-A3D3-4CEDD719BEAC}.Debug|Any CPU.Build.0 = Debug|Any CPU
		{7E75F7D1-0E38-450C-A3D3-4CEDD719BEAC}.Release|Any CPU.ActiveCfg = Release|Any CPU
		{7E75F7D1-0E38-450C-A3D3-4CEDD719BEAC}.Release|Any CPU.Build.0 = Release|Any CPU
	EndGlobalSection
EndGlobal
